
Microsoft Visual Studio Solution File, Format Version 12.00
# Visual Studio Version 17
VisualStudioVersion = 17.14.36310.24 d17.14
MinimumVisualStudioVersion = 10.0.40219.1
Project("{FAE04EC0-301F-11D3-BF4B-00C04F79EFBC}") = "Tela1", "Tela1\Tela1.csproj", "{FD735F8C-07FD-4DFB-85EF-56BB7AFBCAB4}"
EndProject
Global
	GlobalSection(SolutionConfigurationPlatforms) = preSolution
		Debug|Any CPU = Debug|Any CPU
		Release|Any CPU = Release|Any CPU
	EndGlobalSection
	GlobalSection(ProjectConfigurationPlatforms) = postSolution
		{FD735F8C-07FD-4DFB-85EF-56BB7AFBCAB4}.Debug|Any CPU.ActiveCfg = Debug|Any CPU
		{FD735F8C-07FD-4DFB-85EF-56BB7AFBCAB4}.Debug|Any CPU.Build.0 = Debug|Any CPU
		{FD735F8C-07FD-4DFB-85EF-56BB7AFBCAB4}.Release|Any CPU.ActiveCfg = Release|Any CPU
		{FD735F8C-07FD-4DFB-85EF-56BB7AFBCAB4}.Release|Any CPU.Build.0 = Release|Any CPU
	EndGlobalSection
	GlobalSection(SolutionProperties) = preSolution
		HideSolutionNode = FALSE
	EndGlobalSection
	GlobalSection(ExtensibilityGlobals) = postSolution
		SolutionGuid = {0EBD61D3-0D33-468D-A52D-01ECB2B084C6}
	EndGlobalSection
EndGlobal
